lockfileVersion: '9.0'

settings:
  autoInstallPeers: true
  excludeLinksFromLockfile: false

importers:

  .:
    devDependencies:
      oxfmt:
        specifier: ^0.45.0
        version: 0.45.0
      oxlint:
        specifier: ^1.59.0
        version: 1.59.0
      typescript:
        specifier: ^6.0.2
        version: 6.0.2

  packages/codey:
    dependencies:
      zustand:
        specifier: ^5.0.12
        version: 5.0.12
    devDependencies:
      '@microsoft/microsoft-graph-client':
        specifier: ^3.0.7
        version: 3.0.7
      '@types/node':
        specifier: ^25.5.2
        version: 25.5.2
      cac:
        specifier: ^7.0.0
        version: 7.0.0
      jiti:
        specifier: ^2.6.1
        version: 2.6.1
      patchright:
        specifier: ^1.59.4
        version: 1.59.4

packages:

  '@babel/runtime@7.29.2':
    resolution: {integrity: sha512-JiDShH45zKHWyGe4ZNVRrCjBz8Nh9TMmZG1kh4QTK8hCBTWBi8Da+i7s1fJw7/lYpM4ccepSNfqzZ/QvABBi5g==}
    engines: {node: '>=6.9.0'}

  '@microsoft/microsoft-graph-client@3.0.7':
    resolution: {integrity: sha512-/AazAV/F+HK4LIywF9C+NYHcJo038zEnWkteilcxC1FM/uK/4NVGDKGrxx7nNq1ybspAroRKT4I1FHfxQzxkUw==}
    engines: {node: '>=12.0.0'}
    peerDependencies:
      '@azure/identity': '*'
      '@azure/msal-browser': '*'
      buffer: '*'
      stream-browserify: '*'
    peerDependenciesMeta:
      '@azure/identity':
        optional: true
      '@azure/msal-browser':
        optional: true
      buffer:
        optional: true
      stream-browserify:
        optional: true

  '@oxfmt/binding-android-arm-eabi@0.45.0':
    resolution: {integrity: sha512-A/UMxFob1fefCuMeGxQBulGfFE38g2Gm23ynr3u6b+b7fY7/ajGbNsa3ikMIkGMLJW/TRoQaMoP1kME7S+815w==}
    engines: {node: ^20.19.0 || >=22.12.0}
    cpu: [arm]
    os: [android]

  '@oxfmt/binding-android-arm64@0.45.0':
    resolution: {integrity: sha512-L63z4uZmHjgvvqvMJD7mwff8aSBkM0+X4uFr6l6U5t6+Qc9DCLVZWIunJ7Gm4fn4zHPdSq6FFQnhu9yqqobxIg==}
    engines: {node: ^20.19.0 || >=22.12.0}
    cpu: [arm64]
    os: [android]

  '@oxfmt/binding-darwin-arm64@0.45.0':
    resolution: {integrity: sha512-UV34dd623FzqT+outIGndsCA/RBB+qgB3XVQhgmmJ9PJwa37NzPC9qzgKeOhPKxVk2HW+JKldQrVL54zs4Noww==}
    engines: {node: ^20.19.0 || >=22.12.0}
    cpu: [arm64]
    os: [darwin]

  '@oxfmt/binding-darwin-x64@0.45.0':
    resolution: {integrity: sha512-pMNJv0CMa1pDefVPeNbuQxibh8ITpWDFEhMC/IBB9Zlu76EbgzYwrzI4Cb11mqX2+rIYN70UTrh3z06TM59ptQ==}
    engines: {node: ^20.19.0 || >=22.12.0}
    cpu: [x64]
    os: [darwin]

  '@oxfmt/binding-freebsd-x64@0.45.0':
    resolution: {integrity: sha512-xTcRoxbbo61sW2+ZRPeH+vp/o9G8gkdhiVumFU+TpneiPm14c79l6GFlxPXlCE9bNWikigbsrvJw46zCVAQFfg==}
    engines: {node: ^20.19.0 || >=22.12.0}
    cpu: [x64]
    os: [freebsd]

  '@oxfmt/binding-linux-arm-gnueabihf@0.45.0':
    resolution: {integrity: sha512-hWL8Hdni+3U1mPFx1UtWeGp3tNb6EhBAUHRMbKUxVkOp3WwoJbpVO2bfUVbS4PfpledviXXNHSTl1veTa6FhkQ==}
    engines: {node: ^20.19.0 || >=22.12.0}
    cpu: [arm]
    os: [linux]

  '@oxfmt/binding-linux-arm-musleabihf@0.45.0':
    resolution: {integrity: sha512-6Blt/0OBT7vvfQpqYuYbpbFLPqSiaYpEJzUUWhinPEuADypDbtV1+LdjM0vYBNGPvnj85ex7lTerEX6JGcPt9w==}
    engines: {node: ^20.19.0 || >=22.12.0}
    cpu: [arm]
    os: [linux]

  '@oxfmt/binding-linux-arm64-gnu@0.45.0':
    resolution: {integrity: sha512-jLjoLfe+hGfjhA8hNBSdw85yCA8ePKq7ME4T+g6P9caQXvmt6IhE2X7iVjnVdkmYUWEzZrxlh4p6RkDmAMJY/A==}
    engines: {node: ^20.19.0 || >=22.12.0}
    cpu: [arm64]
    os: [linux]
    libc: [glibc]

  '@oxfmt/binding-linux-arm64-musl@0.45.0':
    resolution: {integrity: sha512-XQKXZIKYJC3GQJ8FnD3iMntpw69Wd9kDDK/Xt79p6xnFYlGGxSNv2vIBvRTDg5CKByWFWWZLCRDOXoP/m6YN4g==}
    engines: {node: ^20.19.0 || >=22.12.0}
    cpu: [arm64]
    os: [linux]
    libc: [musl]

  '@oxfmt/binding-linux-ppc64-gnu@0.45.0':
    resolution: {integrity: sha512-+g5RiG+xOkdrCWkKodv407nTvMq4vYM18Uox2MhZBm/YoqFxxJpWKsloskFFG5NU13HGPw1wzYjjOVcyd9moCA==}
    engines: {node: ^20.19.0 || >=22.12.0}
    cpu: [ppc64]
    os: [linux]
    libc: [glibc]

  '@oxfmt/binding-linux-riscv64-gnu@0.45.0':
    resolution: {integrity: sha512-V7dXKoSyEbWAkkSF4JJNtF+NJZDmJoSarSoP30WCsB3X636Rehd3CvxBj49FIJxEBFWhvcUjGSHVeU8Erck1bQ==}
    engines: {node: ^20.19.0 || >=22.12.0}
    cpu: [riscv64]
    os: [linux]
    libc: [glibc]

  '@oxfmt/binding-linux-riscv64-musl@0.45.0':
    resolution: {integrity: sha512-Vdelft1sAEYojVGgcODEFXSWYQYlIvoyIGWebKCuUibd1tvS1TjTx413xG2ZLuHpYj45CkN/ztMLMX6jrgqpgg==}
    engines: {node: ^20.19.0 || >=22.12.0}
    cpu: [riscv64]
    os: [linux]
    libc: [musl]

  '@oxfmt/binding-linux-s390x-gnu@0.45.0':
    resolution: {integrity: sha512-RR7xKgNpqwENnK0aYCGYg0JycY2n93J0reNjHyes+I9Gq52dH95x+CBlnlAQHCPfz6FGnKA9HirgUl14WO6o7w==}
    engines: {node: ^20.19.0 || >=22.12.0}
    cpu: [s390x]
    os: [linux]
    libc: [glibc]

  '@oxfmt/binding-linux-x64-gnu@0.45.0':
    resolution: {integrity: sha512-U/QQ0+BQNSHxjuXR/utvXnQ50Vu5kUuqEomZvQ1/3mhgbBiMc2WU9q5kZ5WwLp3gnFIx9ibkveoRSe2EZubkqg==}
    engines: {node: ^20.19.0 || >=22.12.0}
    cpu: [x64]
    os: [linux]
    libc: [glibc]

  '@oxfmt/binding-linux-x64-musl@0.45.0':
    resolution: {integrity: sha512-o5TLOUCF0RWQjsIS06yVC+kFgp092/yLe6qBGSUvtnmTVw9gxjpdQSXc3VN5Cnive4K11HNstEZF8ROKHfDFSw==}
    engines: {node: ^20.19.0 || >=22.12.0}
    cpu: [x64]
    os: [linux]
    libc: [musl]

  '@oxfmt/binding-openharmony-arm64@0.45.0':
    resolution: {integrity: sha512-RnGcV3HgPuOjsGx/k9oyRNKmOp+NBLGzZTdPDYbc19r7NGeYPplnUU/BfU35bX2Y/O4ejvHxcfkvW2WoYL/gsg==}
    engines: {node: ^20.19.0 || >=22.12.0}
    cpu: [arm64]
    os: [openharmony]

  '@oxfmt/binding-win32-arm64-msvc@0.45.0':
    resolution: {integrity: sha512-v3Vj7iKKsUFwt9w5hsqIIoErKVoENC6LoqfDlteOQ5QMDCXihlqLoxpmviUhXnNncg4zV6U9BPwlBbwa+qm4wg==}
    engines: {node: ^20.19.0 || >=22.12.0}
    cpu: [arm64]
    os: [win32]

  '@oxfmt/binding-win32-ia32-msvc@0.45.0':
    resolution: {integrity: sha512-N8yotPBX6ph0H3toF4AEpdCeVPrdcSetj+8eGiZGsrLsng3bs/Q5HPu4bbSxip5GBPx5hGbGHrZwH4+rcrjhHA==}
    engines: {node: ^20.19.0 || >=22.12.0}
    cpu: [ia32]
    os: [win32]

  '@oxfmt/binding-win32-x64-msvc@0.45.0':
    resolution: {integrity: sha512-w5MMTRCK1dpQeRA+HHqXQXyN33DlG/N2LOYxJmaT4fJjcmZrbNnqw7SmIk7I2/a2493PPLZ+2E/Ar6t2iKVMug==}
    engines: {node: ^20.19.0 || >=22.12.0}
    cpu: [x64]
    os: [win32]

  '@oxlint/binding-android-arm-eabi@1.59.0':
    resolution: {integrity: sha512-etYDw/UaEv936AQUd/CRMBVd+e+XuuU6wC+VzOv1STvsTyZenLChepLWqLtnyTTp4YMlM22ypzogDDwqYxv5cg==}
    engines: {node: ^20.19.0 || >=22.12.0}
    cpu: [arm]
    os: [android]

  '@oxlint/binding-android-arm64@1.59.0':
    resolution: {integrity: sha512-TgLc7XVLKH2a4h8j3vn1MDjfK33i9MY60f/bKhRGWyVzbk5LCZ4X01VZG7iHrMmi5vYbAp8//Ponigx03CLsdw==}
    engines: {node: ^20.19.0 || >=22.12.0}
    cpu: [arm64]
    os: [android]

  '@oxlint/binding-darwin-arm64@1.59.0':
    resolution: {integrity: sha512-DXyFPf5ZKldMLloRHx/B9fsxsiTQomaw7cmEW3YIJko2HgCh+GUhp9gGYwHrqlLJPsEe3dYj9JebjX92D3j3AA==}
    engines: {node: ^20.19.0 || >=22.12.0}
    cpu: [arm64]
    os: [darwin]

  '@oxlint/binding-darwin-x64@1.59.0':
    resolution: {integrity: sha512-LgvrsdgVLX1qWqIEmNsSmMXJhpAWdtUQ0M+oR0CySwi+9IHWyOGuIL8w8+u/kbZNMyZr4WUyYB5i0+D+AKgkLg==}
    engines: {node: ^20.19.0 || >=22.12.0}
    cpu: [x64]
    os: [darwin]

  '@oxlint/binding-freebsd-x64@1.59.0':
    resolution: {integrity: sha512-bOJhqX/ny4hrFuTPlyk8foSRx/vLRpxJh0jOOKN2NWW6FScXHPAA5rQbrwdQPcgGB5V8Ua51RS03fke8ssBcug==}
    engines: {node: ^20.19.0 || >=22.12.0}
    cpu: [x64]
    os: [freebsd]

  '@oxlint/binding-linux-arm-gnueabihf@1.59.0':
    resolution: {integrity: sha512-vVUXxYMF9trXCsz4m9H6U0IjehosVHxBzVgJUxly1uz4W1PdDyicaBnpC0KRXsHYretLVe+uS9pJy8iM57Kujw==}
    engines: {node: ^20.19.0 || >=22.12.0}
    cpu: [arm]
    os: [linux]

  '@oxlint/binding-linux-arm-musleabihf@1.59.0':
    resolution: {integrity: sha512-TULQW8YBPGRWg5yZpFPL54HLOnJ3/HiX6VenDPi6YfxB/jlItwSMFh3/hCeSNbh+DAMaE1Py0j5MOaivHkI/9Q==}
    engines: {node: ^20.19.0 || >=22.12.0}
    cpu: [arm]
    os: [linux]

  '@oxlint/binding-linux-arm64-gnu@1.59.0':
    resolution: {integrity: sha512-Gt54Y4eqSgYJ90xipm24xeyaPV854706o/kiT8oZvUt3VDY7qqxdqyGqchMaujd87ib+/MXvnl9WkK8Cc1BExg==}
    engines: {node: ^20.19.0 || >=22.12.0}
    cpu: [arm64]
    os: [linux]
    libc: [glibc]

  '@oxlint/binding-linux-arm64-musl@1.59.0':
    resolution: {integrity: sha512-3CtsKp7NFB3OfqQzbuAecrY7GIZeiv7AD+xutU4tefVQzlfmTI7/ygWLrvkzsDEjTlMq41rYHxgsn6Yh8tybmA==}
    engines: {node: ^20.19.0 || >=22.12.0}
    cpu: [arm64]
    os: [linux]
    libc: [musl]

  '@oxlint/binding-linux-ppc64-gnu@1.59.0':
    resolution: {integrity: sha512-K0diOpT3ncDmOfl9I1HuvpEsAuTxkts0VYwIv/w6Xiy9CdwyPBVX88Ga9l8VlGgMrwBMnSY4xIvVlVY/fkQk7Q==}
    engines: {node: ^20.19.0 || >=22.12.0}
    cpu: [ppc64]
    os: [linux]
    libc: [glibc]

  '@oxlint/binding-linux-riscv64-gnu@1.59.0':
    resolution: {integrity: sha512-xAU7+QDU6kTJJ7mJLOGgo7oOjtAtkKyFZ0Yjdb5cEo3DiCCPFLvyr08rWiQh6evZ7RiUTf+o65NY/bqttzJiQQ==}
    engines: {node: ^20.19.0 || >=22.12.0}
    cpu: [riscv64]
    os: [linux]
    libc: [glibc]

  '@oxlint/binding-linux-riscv64-musl@1.59.0':
    resolution: {integrity: sha512-KUmZmKlTTyauOnvUNVxK7G40sSSx0+w5l1UhaGsC6KPpOYHenx2oqJTnabmpLJicok7IC+3Y6fXAUOMyexaeJQ==}
    engines: {node: ^20.19.0 || >=22.12.0}
    cpu: [riscv64]
    os: [linux]
    libc: [musl]

  '@oxlint/binding-linux-s390x-gnu@1.59.0':
    resolution: {integrity: sha512-4usRxC8gS0PGdkHnRmwJt/4zrQNZyk6vL0trCxwZSsAKM+OxhB8nKiR+mhjdBbl8lbMh2gc3bZpNN/ik8c4c2A==}
    engines: {node: ^20.19.0 || >=22.12.0}
    cpu: [s390x]
    os: [linux]
    libc: [glibc]

  '@oxlint/binding-linux-x64-gnu@1.59.0':
    resolution: {integrity: sha512-s/rNE2gDmbwAOOP493xk2X7M8LZfI1LJFSSW1+yanz3vuQCFPiHkx4GY+O1HuLUDtkzGlhtMrIcxxzyYLv308w==}
    engines: {node: ^20.19.0 || >=22.12.0}
    cpu: [x64]
    os: [linux]
    libc: [glibc]

  '@oxlint/binding-linux-x64-musl@1.59.0':
    resolution: {integrity: sha512-+yYj1udJa2UvvIUmEm0IcKgc0UlPMgz0nsSTvkPL2y6n0uU5LgIHSwVu4AHhrve6j9BpVSoRksnz8c9QcvITJA==}
    engines: {node: ^20.19.0 || >=22.12.0}
    cpu: [x64]
    os: [linux]
    libc: [musl]

  '@oxlint/binding-openharmony-arm64@1.59.0':
    resolution: {integrity: sha512-bUplUb48LYsB3hHlQXP2ZMOenpieWoOyppLAnnAhuPag3MGPnt+7caxE3w/Vl9wpQsTA3gzLntQi9rxWrs7Xqg==}
    engines: {node: ^20.19.0 || >=22.12.0}
    cpu: [arm64]
    os: [openharmony]

  '@oxlint/binding-win32-arm64-msvc@1.59.0':
    resolution: {integrity: sha512-/HLsLuz42rWl7h7ePdmMTpHm2HIDmPtcEMYgm5BBEHiEiuNOrzMaUpd2z7UnNni5LGN9obJy2YoAYBLXQwazrA==}
    engines: {node: ^20.19.0 || >=22.12.0}
    cpu: [arm64]
    os: [win32]

  '@oxlint/binding-win32-ia32-msvc@1.59.0':
    resolution: {integrity: sha512-rUPy+JnanpPwV/aJCPnxAD1fW50+XPI0VkWr7f0vEbqcdsS8NpB24Rw6RsS7SdpFv8Dw+8ugCwao5nCFbqOUSg==}
    engines: {node: ^20.19.0 || >=22.12.0}
    cpu: [ia32]
    os: [win32]

  '@oxlint/binding-win32-x64-msvc@1.59.0':
    resolution: {integrity: sha512-xkE7puteDS/vUyRngLXW0t8WgdWoS/tfxXjhP/P7SMqPDx+hs44SpssO3h3qmTqECYEuXBUPzcAw5257Ka+ofA==}
    engines: {node: ^20.19.0 || >=22.12.0}
    cpu: [x64]
    os: [win32]

  '@types/node@25.5.2':
    resolution: {integrity: sha512-tO4ZIRKNC+MDWV4qKVZe3Ql/woTnmHDr5JD8UI5hn2pwBrHEwOEMZK7WlNb5RKB6EoJ02gwmQS9OrjuFnZYdpg==}

  cac@7.0.0:
    resolution: {integrity: sha512-tixWYgm5ZoOD+3g6UTea91eow5z6AAHaho3g0V9CNSNb45gM8SmflpAc+GRd1InC4AqN/07Unrgp56Y94N9hJQ==}
    engines: {node: '>=20.19.0'}

  fsevents@2.3.2:
    resolution: {integrity: sha512-xiqMQR4xAeHTuB9uWm+fFRcIOgKBMiOBP+eXiyT7jsgVCq1bkVygt00oASowB7EdtpOHaaPgKt812P9ab+DDKA==}
    engines: {node: ^8.16.0 || ^10.6.0 || >=11.0.0}
    os: [darwin]

  jiti@2.6.1:
    resolution: {integrity: sha512-ekilCSN1jwRvIbgeg/57YFh8qQDNbwDb9xT/qu2DAHbFFZUicIl4ygVaAvzveMhMVr3LnpSKTNnwt8PoOfmKhQ==}
    hasBin: true

  oxfmt@0.45.0:
    resolution: {integrity: sha512-0o/COoN9fY50bjVeM7PQsNgbhndKurBIeTIcspW033OumksjJJmIVDKjAk5HMwU/GHTxSOdGDdhJ6BRzGPmsHg==}
    engines: {node: ^20.19.0 || >=22.12.0}
    hasBin: true

  oxlint@1.59.0:
    resolution: {integrity: sha512-0xBLeGGjP4vD9pygRo8iuOkOzEU1MqOnfiOl7KYezL/QvWL8NUg6n03zXc7ZVqltiOpUxBk2zgHI3PnRIEdAvw==}
    engines: {node: ^20.19.0 || >=22.12.0}
    hasBin: true
    peerDependencies:
      oxlint-tsgolint: '>=0.18.0'
    peerDependenciesMeta:
      oxlint-tsgolint:
        optional: true

  patchright-core@1.59.4:
    resolution: {integrity: sha512-7/vyX0XK0cpGKlcnUD+Rhjv5o9rrmZQl4v/NI+EUBed+VaU5EORpkOF0Gdi+fP698fLhY0tXwacKBUqKE38jQA==}
    engines: {node: '>=18'}
    hasBin: true

  patchright@1.59.4:
    resolution: {integrity: sha512-RDZ40tBZHZtTAMoUoct/IpMA1wrozPZGU2RFk8NIDEndOEBbLxS0dH2fRLiwsNrgXgjZGA/3krrTlzK+uFGgoQ==}
    engines: {node: '>=18'}
    hasBin: true

  tinypool@2.1.0:
    resolution: {integrity: sha512-Pugqs6M0m7Lv1I7FtxN4aoyToKg1C4tu+/381vH35y8oENM/Ai7f7C4StcoK4/+BSw9ebcS8jRiVrORFKCALLw==}
    engines: {node: ^20.0.0 || >=22.0.0}

  tslib@2.8.1:
    resolution: {integrity: sha512-oJFu94HQb+KVduSUQL7wnpmqnfmLsOA/nAh6b6EH0wCEoK0/mPeXU6c3wKDV83MkOuHPRHtSXKKU99IBazS/2w==}

  typescript@6.0.2:
    resolution: {integrity: sha512-bGdAIrZ0wiGDo5l8c++HWtbaNCWTS4UTv7RaTH/ThVIgjkveJt83m74bBHMJkuCbslY8ixgLBVZJIOiQlQTjfQ==}
    engines: {node: '>=14.17'}
    hasBin: true

  undici-types@7.18.2:
    resolution: {integrity: sha512-AsuCzffGHJybSaRrmr5eHr81mwJU3kjw6M+uprWvCXiNeN9SOGwQ3Jn8jb8m3Z6izVgknn1R0FTCEAP2QrLY/w==}

  zustand@5.0.12:
    resolution: {integrity: sha512-i77ae3aZq4dhMlRhJVCYgMLKuSiZAaUPAct2AksxQ+gOtimhGMdXljRT21P5BNpeT4kXlLIckvkPM029OljD7g==}
    engines: {node: '>=12.20.0'}
    peerDependencies:
      '@types/react': '>=18.0.0'
      immer: '>=9.0.6'
      react: '>=18.0.0'
      use-sync-external-store: '>=1.2.0'
    peerDependenciesMeta:
      '@types/react':
        optional: true
      immer:
        optional: true
      react:
        optional: true
      use-sync-external-store:
        optional: true

snapshots:

  '@babel/runtime@7.29.2': {}

  '@microsoft/microsoft-graph-client@3.0.7':
    dependencies:
      '@babel/runtime': 7.29.2
      tslib: 2.8.1

  '@oxfmt/binding-android-arm-eabi@0.45.0':
    optional: true

  '@oxfmt/binding-android-arm64@0.45.0':
    optional: true

  '@oxfmt/binding-darwin-arm64@0.45.0':
    optional: true

  '@oxfmt/binding-darwin-x64@0.45.0':
    optional: true

  '@oxfmt/binding-freebsd-x64@0.45.0':
    optional: true

  '@oxfmt/binding-linux-arm-gnueabihf@0.45.0':
    optional: true

  '@oxfmt/binding-linux-arm-musleabihf@0.45.0':
    optional: true

  '@oxfmt/binding-linux-arm64-gnu@0.45.0':
    optional: true

  '@oxfmt/binding-linux-arm64-musl@0.45.0':
    optional: true

  '@oxfmt/binding-linux-ppc64-gnu@0.45.0':
    optional: true

  '@oxfmt/binding-linux-riscv64-gnu@0.45.0':
    optional: true

  '@oxfmt/binding-linux-riscv64-musl@0.45.0':
    optional: true

  '@oxfmt/binding-linux-s390x-gnu@0.45.0':
    optional: true

  '@oxfmt/binding-linux-x64-gnu@0.45.0':
    optional: true

  '@oxfmt/binding-linux-x64-musl@0.45.0':
    optional: true

  '@oxfmt/binding-openharmony-arm64@0.45.0':
    optional: true

  '@oxfmt/binding-win32-arm64-msvc@0.45.0':
    optional: true

  '@oxfmt/binding-win32-ia32-msvc@0.45.0':
    optional: true

  '@oxfmt/binding-win32-x64-msvc@0.45.0':
    optional: true

  '@oxlint/binding-android-arm-eabi@1.59.0':
    optional: true

  '@oxlint/binding-android-arm64@1.59.0':
    optional: true

  '@oxlint/binding-darwin-arm64@1.59.0':
    optional: true

  '@oxlint/binding-darwin-x64@1.59.0':
    optional: true

  '@oxlint/binding-freebsd-x64@1.59.0':
    optional: true

  '@oxlint/binding-linux-arm-gnueabihf@1.59.0':
    optional: true

  '@oxlint/binding-linux-arm-musleabihf@1.59.0':
    optional: true

  '@oxlint/binding-linux-arm64-gnu@1.59.0':
    optional: true

  '@oxlint/binding-linux-arm64-musl@1.59.0':
    optional: true

  '@oxlint/binding-linux-ppc64-gnu@1.59.0':
    optional: true

  '@oxlint/binding-linux-riscv64-gnu@1.59.0':
    optional: true

  '@oxlint/binding-linux-riscv64-musl@1.59.0':
    optional: true

  '@oxlint/binding-linux-s390x-gnu@1.59.0':
    optional: true

  '@oxlint/binding-linux-x64-gnu@1.59.0':
    optional: true

  '@oxlint/binding-linux-x64-musl@1.59.0':
    optional: true

  '@oxlint/binding-openharmony-arm64@1.59.0':
    optional: true

  '@oxlint/binding-win32-arm64-msvc@1.59.0':
    optional: true

  '@oxlint/binding-win32-ia32-msvc@1.59.0':
    optional: true

  '@oxlint/binding-win32-x64-msvc@1.59.0':
    optional: true

  '@types/node@25.5.2':
    dependencies:
      undici-types: 7.18.2

  cac@7.0.0: {}

  fsevents@2.3.2:
    optional: true

  jiti@2.6.1: {}

  oxfmt@0.45.0:
    dependencies:
      tinypool: 2.1.0
    optionalDependencies:
      '@oxfmt/binding-android-arm-eabi': 0.45.0
      '@oxfmt/binding-android-arm64': 0.45.0
      '@oxfmt/binding-darwin-arm64': 0.45.0
      '@oxfmt/binding-darwin-x64': 0.45.0
      '@oxfmt/binding-freebsd-x64': 0.45.0
      '@oxfmt/binding-linux-arm-gnueabihf': 0.45.0
      '@oxfmt/binding-linux-arm-musleabihf': 0.45.0
      '@oxfmt/binding-linux-arm64-gnu': 0.45.0
      '@oxfmt/binding-linux-arm64-musl': 0.45.0
      '@oxfmt/binding-linux-ppc64-gnu': 0.45.0
      '@oxfmt/binding-linux-riscv64-gnu': 0.45.0
      '@oxfmt/binding-linux-riscv64-musl': 0.45.0
      '@oxfmt/binding-linux-s390x-gnu': 0.45.0
      '@oxfmt/binding-linux-x64-gnu': 0.45.0
      '@oxfmt/binding-linux-x64-musl': 0.45.0
      '@oxfmt/binding-openharmony-arm64': 0.45.0
      '@oxfmt/binding-win32-arm64-msvc': 0.45.0
      '@oxfmt/binding-win32-ia32-msvc': 0.45.0
      '@oxfmt/binding-win32-x64-msvc': 0.45.0

  oxlint@1.59.0:
    optionalDependencies:
      '@oxlint/binding-android-arm-eabi': 1.59.0
      '@oxlint/binding-android-arm64': 1.59.0
      '@oxlint/binding-darwin-arm64': 1.59.0
      '@oxlint/binding-darwin-x64': 1.59.0
      '@oxlint/binding-freebsd-x64': 1.59.0
      '@oxlint/binding-linux-arm-gnueabihf': 1.59.0
      '@oxlint/binding-linux-arm-musleabihf': 1.59.0
      '@oxlint/binding-linux-arm64-gnu': 1.59.0
      '@oxlint/binding-linux-arm64-musl': 1.59.0
      '@oxlint/binding-linux-ppc64-gnu': 1.59.0
      '@oxlint/binding-linux-riscv64-gnu': 1.59.0
      '@oxlint/binding-linux-riscv64-musl': 1.59.0
      '@oxlint/binding-linux-s390x-gnu': 1.59.0
      '@oxlint/binding-linux-x64-gnu': 1.59.0
      '@oxlint/binding-linux-x64-musl': 1.59.0
      '@oxlint/binding-openharmony-arm64': 1.59.0
      '@oxlint/binding-win32-arm64-msvc': 1.59.0
      '@oxlint/binding-win32-ia32-msvc': 1.59.0
      '@oxlint/binding-win32-x64-msvc': 1.59.0

  patchright-core@1.59.4: {}

  patchright@1.59.4:
    dependencies:
      patchright-core: 1.59.4
    optionalDependencies:
      fsevents: 2.3.2

  tinypool@2.1.0: {}

  tslib@2.8.1: {}

  typescript@6.0.2: {}

  undici-types@7.18.2: {}

  zustand@5.0.12: {}
